<?xml version="1.0" encoding="utf-8"?>
<Project ToolsVersion="4.0" xmlns="http://schemas.microsoft.com/developer/msbuild/2003">
  <ItemGroup>
    <Filter Include="소스 파일">
      <UniqueIdentifier>{4FC737F1-C7A5-4376-A066-2A32D752A2FF}</UniqueIdentifier>
      <Extensions>cpp;c;cc;cxx;c++;cppm;ixx;def;odl;idl;hpj;bat;asm;asmx</Extensions>
    </Filter>
    <Filter Include="헤더 파일">
      <UniqueIdentifier>{93995380-89BD-4b04-88EB-625FBE52EBFB}</UniqueIdentifier>
      <Extensions>h;hh;hpp;hxx;h++;hm;inl;inc;ipp;xsd</Extensions>
    </Filter>
    <Filter Include="리소스 파일">
      <UniqueIdentifier>{67DA6AB6-F800-4c08-8B7A-83BB121AAD01}</UniqueIdentifier>
      <Extensions>rc;ico;cur;bmp;dlg;rc2;rct;bin;rgs;gif;jpg;jpeg;jpe;resx;tiff;tif;png;wav;mfcribbon-ms</Extensions>
    </Filter>
    <Filter Include="소스 파일\참조자">
      <UniqueIdentifier>{996cdd60-c4ef-48df-be14-c48bfaf016fb}</UniqueIdentifier>
    </Filter>
    <Filter Include="소스 파일\new와 delete">
      <UniqueIdentifier>{1d25e8c6-c56b-43f3-bccd-f23e5190aef2}</UniqueIdentifier>
    </Filter>
    <Filter Include="소스 파일\객체 지향 언어">
      <UniqueIdentifier>{5caf24dc-22d3-4f2b-8f6c-fb83c89f65ed}</UniqueIdentifier>
    </Filter>
    <Filter Include="소스 파일\스타크래프트 만들기">
      <UniqueIdentifier>{a90fcd38-bb49-4d59-8e06-37679f2f525e}</UniqueIdentifier>
    </Filter>
    <Filter Include="소스 파일\내가 만드는 String 클래스">
      <UniqueIdentifier>{598e4e66-ace1-4e59-a797-370fb181454f}</UniqueIdentifier>
    </Filter>
    <Filter Include="소스 파일\연산자 오버로딩">
      <UniqueIdentifier>{a3c15303-a7d2-4120-b050-0f1d2927a2c2}</UniqueIdentifier>
    </Filter>
    <Filter Include="소스 파일\상속">
      <UniqueIdentifier>{2d71b4b2-bed3-4baf-8457-2752610cc70d}</UniqueIdentifier>
    </Filter>
    <Filter Include="소스 파일\입출력 라이브러리">
      <UniqueIdentifier>{6437193f-45e1-4c27-875a-e6b0ad4664ce}</UniqueIdentifier>
    </Filter>
    <Filter Include="소스 파일\템플릿">
      <UniqueIdentifier>{1ba010ec-2db7-4c7d-b70a-a60779449bde}</UniqueIdentifier>
    </Filter>
  </ItemGroup>
  <ItemGroup>
    <ClCompile Include="씹어먹는C++\참조자\함수 인자로 레퍼런스 받기.cpp">
      <Filter>소스 파일\참조자</Filter>
    </ClCompile>
    <ClCompile Include="씹어먹는C++\참조자\여러가지 참조자 예시들.cpp">
      <Filter>소스 파일\참조자</Filter>
    </ClCompile>
    <ClCompile Include="씹어먹는C++\new와 delete\new로 배열 할당하기.cpp">
      <Filter>소스 파일\new와 delete</Filter>
    </ClCompile>
    <ClCompile Include="씹어먹는C++\new와 delete\돌아온 마이펫.cpp">
      <Filter>소스 파일\new와 delete</Filter>
    </ClCompile>
    <ClCompile Include="씹어먹는C++\객체 지향 언어\Date 클래스.cpp">
      <Filter>소스 파일\객체 지향 언어</Filter>
    </ClCompile>
    <ClCompile Include="씹어먹는C++\객체 지향 언어\mutable 사용.cpp">
      <Filter>소스 파일\객체 지향 언어</Filter>
    </ClCompile>
    <ClCompile Include="씹어먹는C++\객체 지향 언어\날짜 문제.cpp">
      <Filter>소스 파일\객체 지향 언어</Filter>
    </ClCompile>
    <ClCompile Include="씹어먹는C++\객체 지향 언어\레퍼런스를 리턴하는 함수.cpp">
      <Filter>소스 파일\객체 지향 언어</Filter>
    </ClCompile>
    <ClCompile Include="씹어먹는C++\객체 지향 언어\문자열 클래스 완성하기.cpp">
      <Filter>소스 파일\객체 지향 언어</Filter>
    </ClCompile>
    <ClCompile Include="씹어먹는C++\객체 지향 언어\생성자 클래스.cpp">
      <Filter>소스 파일\객체 지향 언어</Filter>
    </ClCompile>
    <ClCompile Include="씹어먹는C++\객체 지향 언어\수학 관련 소프트웨어.cpp">
      <Filter>소스 파일\객체 지향 언어</Filter>
    </ClCompile>
    <ClCompile Include="씹어먹는C++\스타크래프트 만들기\마린 const 추가하기.cpp">
      <Filter>소스 파일\스타크래프트 만들기</Filter>
    </ClCompile>
    <ClCompile Include="씹어먹는C++\스타크래프트 만들기\마린 const 함수 추가하기.cpp">
      <Filter>소스 파일\스타크래프트 만들기</Filter>
    </ClCompile>
    <ClCompile Include="씹어먹는C++\스타크래프트 만들기\마린 static 함수.cpp">
      <Filter>소스 파일\스타크래프트 만들기</Filter>
    </ClCompile>
    <ClCompile Include="씹어먹는C++\스타크래프트 만들기\마린 This 추가하기.cpp">
      <Filter>소스 파일\스타크래프트 만들기</Filter>
    </ClCompile>
    <ClCompile Include="씹어먹는C++\스타크래프트 만들기\마린 생성하기.cpp">
      <Filter>소스 파일\스타크래프트 만들기</Filter>
    </ClCompile>
    <ClCompile Include="씹어먹는C++\스타크래프트 만들기\마린 수 세기.cpp">
      <Filter>소스 파일\스타크래프트 만들기</Filter>
    </ClCompile>
    <ClCompile Include="씹어먹는C++\스타크래프트 만들기\포토캐논 복사하기.cpp">
      <Filter>소스 파일\스타크래프트 만들기</Filter>
    </ClCompile>
    <ClCompile Include="씹어먹는C++\내가 만드는 String 클래스\문자열 클래스를 만들자.cpp">
      <Filter>소스 파일\내가 만드는 String 클래스</Filter>
    </ClCompile>
    <ClCompile Include="씹어먹는C++\내가 만드는 String 클래스\연산자 오버로딩.cpp">
      <Filter>소스 파일\내가 만드는 String 클래스</Filter>
    </ClCompile>
    <ClCompile Include="씹어먹는C++\복소수 클래스 만들기\복소수 연산자 오버로딩 클래스 .cpp">
      <Filter>소스 파일\연산자 오버로딩</Filter>
    </ClCompile>
    <ClCompile Include="씹어먹는C++\복소수 클래스 만들기\대입연산자 클래스.cpp">
      <Filter>소스 파일\연산자 오버로딩</Filter>
    </ClCompile>
    <ClCompile Include="씹어먹는C++\복소수 클래스 만들기\friend 키워드.cpp">
      <Filter>소스 파일\연산자 오버로딩</Filter>
    </ClCompile>
    <ClCompile Include="씹어먹는C++\상속\사원 관리 프로그램 매니저 추가.cpp">
      <Filter>소스 파일\상속</Filter>
    </ClCompile>
    <ClCompile Include="씹어먹는C++\상속\사원 관리 프로그램.cpp">
      <Filter>소스 파일\상속</Filter>
    </ClCompile>
    <ClCompile Include="씹어먹는C++\상속\표준 string 클래스.cpp">
      <Filter>소스 파일\상속</Filter>
    </ClCompile>
    <ClCompile Include="씹어먹는C++\상속\상속 일반 예제.cpp">
      <Filter>소스 파일\상속</Filter>
    </ClCompile>
    <ClCompile Include="씹어먹는C++\상속\EmployeeList 다시보기.cpp">
      <Filter>소스 파일\상속</Filter>
    </ClCompile>
    <ClCompile Include="씹어먹는C++\상속\override 키워드.cpp">
      <Filter>소스 파일\상속</Filter>
    </ClCompile>
    <ClCompile Include="씹어먹는C++\상속\virtual 키워드.cpp">
      <Filter>소스 파일\상속</Filter>
    </ClCompile>
    <ClCompile Include="씹어먹는C++\상속\가상 소멸자.cpp">
      <Filter>소스 파일\상속</Filter>
    </ClCompile>
    <ClCompile Include="씹어먹는C++\상속\레퍼런스도 된다.cpp">
      <Filter>소스 파일\상속</Filter>
    </ClCompile>
    <ClCompile Include="씹어먹는C++\상속\순수 가상 함수와 추상 클래스.cpp">
      <Filter>소스 파일\상속</Filter>
    </ClCompile>
    <ClCompile Include="씹어먹는C++\상속\다중 상속.cpp">
      <Filter>소스 파일\상속</Filter>
    </ClCompile>
    <ClCompile Include="씹어먹는C++\입출력 라이브러리\입출력 예제1.cpp">
      <Filter>소스 파일\입출력 라이브러리</Filter>
    </ClCompile>
    <ClCompile Include="씹어먹는C++\입출력 라이브러리\입출력 예제2.cpp">
      <Filter>소스 파일\입출력 라이브러리</Filter>
    </ClCompile>
    <ClCompile Include="씹어먹는C++\입출력 라이브러리\입출력 예제3.cpp">
      <Filter>소스 파일\입출력 라이브러리</Filter>
    </ClCompile>
    <ClCompile Include="씹어먹는C++\입출력 라이브러리\입출력 예제4.cpp">
      <Filter>소스 파일\입출력 라이브러리</Filter>
    </ClCompile>
    <ClCompile Include="씹어먹는C++\입출력 라이브러리\입출력 예제5.cpp">
      <Filter>소스 파일\입출력 라이브러리</Filter>
    </ClCompile>
    <ClCompile Include="씹어먹는C++\입출력 라이브러리\입출력 예제6.cpp">
      <Filter>소스 파일\입출력 라이브러리</Filter>
    </ClCompile>
    <ClCompile Include="씹어먹는C++\입출력 라이브러리\입출력 예제7.cpp">
      <Filter>소스 파일\입출력 라이브러리</Filter>
    </ClCompile>
    <ClCompile Include="씹어먹는C++\입출력 라이브러리\입출력 예제8.cpp">
      <Filter>소스 파일\입출력 라이브러리</Filter>
    </ClCompile>
    <ClCompile Include="씹어먹는C++\입출력 라이브러리\입출력 예제9.cpp">
      <Filter>소스 파일\입출력 라이브러리</Filter>
    </ClCompile>
    <ClCompile Include="씹어먹는C++\입출력 라이브러리\입출력 예제10.cpp">
      <Filter>소스 파일\입출력 라이브러리</Filter>
    </ClCompile>
    <ClCompile Include="씹어먹는C++\입출력 라이브러리\입출력 예제11.cpp">
      <Filter>소스 파일\입출력 라이브러리</Filter>
    </ClCompile>
    <ClCompile Include="씹어먹는C++\입출력 라이브러리\입출력 예제12.cpp">
      <Filter>소스 파일\입출력 라이브러리</Filter>
    </ClCompile>
    <ClCompile Include="씹어먹는C++\입출력 라이브러리\입출력 예제13.cpp">
      <Filter>소스 파일\입출력 라이브러리</Filter>
    </ClCompile>
    <ClCompile Include="씹어먹는C++\템플릿\Vector 예제 클래스.cpp">
      <Filter>소스 파일\템플릿</Filter>
    </ClCompile>
    <ClCompile Include="씹어먹는C++\템플릿\C++템플릿.cpp">
      <Filter>소스 파일\템플릿</Filter>
    </ClCompile>
  </ItemGroup>
</Project>