<?xml version="1.0" encoding="utf-8"?>
<Project ToolsVersion="4.0" xmlns="http://schemas.microsoft.com/developer/msbuild/2003">
  <ItemGroup>
    <Filter Include="소스 파일">
      <UniqueIdentifier>{4FC737F1-C7A5-4376-A066-2A32D752A2FF}</UniqueIdentifier>
      <Extensions>cpp;c;cc;cxx;c++;cppm;ixx;def;odl;idl;hpj;bat;asm;asmx</Extensions>
    </Filter>
    <Filter Include="헤더 파일">
      <UniqueIdentifier>{93995380-89BD-4b04-88EB-625FBE52EBFB}</UniqueIdentifier>
      <Extensions>h;hh;hpp;hxx;h++;hm;inl;inc;ipp;xsd</Extensions>
    </Filter>
    <Filter Include="리소스 파일">
      <UniqueIdentifier>{67DA6AB6-F800-4c08-8B7A-83BB121AAD01}</UniqueIdentifier>
      <Extensions>rc;ico;cur;bmp;dlg;rc2;rct;bin;rgs;gif;jpg;jpeg;jpe;resx;tiff;tif;png;wav;mfcribbon-ms</Extensions>
    </Filter>
    <Filter Include="소스 파일\문제">
      <UniqueIdentifier>{f8d04a40-1404-40b9-b8e5-139e367dfce5}</UniqueIdentifier>
    </Filter>
    <Filter Include="소스 파일\윤성우 Chapter8 소스">
      <UniqueIdentifier>{12368fbd-9082-455f-a8eb-81ca74d60fe5}</UniqueIdentifier>
    </Filter>
    <Filter Include="소스 파일\씹어먹는C++">
      <UniqueIdentifier>{b297f75f-98c3-4a6d-aeab-ccb7c68b89b9}</UniqueIdentifier>
    </Filter>
    <Filter Include="소스 파일\씹어먹는C++\참조자">
      <UniqueIdentifier>{b01f9e70-a526-40ee-b7dc-d00ac90e2d60}</UniqueIdentifier>
    </Filter>
    <Filter Include="소스 파일\씹어먹는C++\new와 delete">
      <UniqueIdentifier>{30f2e9d4-0bc8-4343-8c71-0a288bdfbc5c}</UniqueIdentifier>
    </Filter>
    <Filter Include="소스 파일\씹어먹는C++\스타크래프트 만들기">
      <UniqueIdentifier>{0cbfdbd4-349c-4121-a529-a6a179d51d79}</UniqueIdentifier>
    </Filter>
    <Filter Include="소스 파일\씹어먹는C++\객체 지향 언어">
      <UniqueIdentifier>{9517e6ba-38a7-4f8c-8dd5-856f15a87505}</UniqueIdentifier>
    </Filter>
    <Filter Include="소스 파일\씹어먹는C++\내가 만드는 String 클래스">
      <UniqueIdentifier>{1374e0ec-4e24-4772-b1d1-2e9108d773a7}</UniqueIdentifier>
    </Filter>
  </ItemGroup>
  <ItemGroup>
    <ClCompile Include="Chapter7-2 문제1.cpp">
      <Filter>소스 파일\문제</Filter>
    </ClCompile>
    <ClCompile Include="Chapter7-2 문제2.cpp">
      <Filter>소스 파일\문제</Filter>
    </ClCompile>
    <ClCompile Include="..\..\..\..\CPP_Src (『윤성우의 열혈 C++ 프로그래밍』 소스코드)\Chapter 8 source\EmployeeManager2.cpp">
      <Filter>소스 파일\윤성우 Chapter8 소스</Filter>
    </ClCompile>
    <ClCompile Include="..\..\..\..\CPP_Src (『윤성우의 열혈 C++ 프로그래밍』 소스코드)\Chapter 8 source\EmployeeManager3.cpp">
      <Filter>소스 파일\윤성우 Chapter8 소스</Filter>
    </ClCompile>
    <ClCompile Include="..\..\..\..\CPP_Src (『윤성우의 열혈 C++ 프로그래밍』 소스코드)\Chapter 8 source\EmployeeManager4.cpp">
      <Filter>소스 파일\윤성우 Chapter8 소스</Filter>
    </ClCompile>
    <ClCompile Include="..\..\..\..\CPP_Src (『윤성우의 열혈 C++ 프로그래밍』 소스코드)\Chapter 8 source\EmployeeManager5.cpp">
      <Filter>소스 파일\윤성우 Chapter8 소스</Filter>
    </ClCompile>
    <ClCompile Include="..\..\..\..\CPP_Src (『윤성우의 열혈 C++ 프로그래밍』 소스코드)\Chapter 8 source\FunctionOverride.cpp">
      <Filter>소스 파일\윤성우 Chapter8 소스</Filter>
    </ClCompile>
    <ClCompile Include="..\..\..\..\CPP_Src (『윤성우의 열혈 C++ 프로그래밍』 소스코드)\Chapter 8 source\FunctionVirtualOverride.cpp">
      <Filter>소스 파일\윤성우 Chapter8 소스</Filter>
    </ClCompile>
    <ClCompile Include="..\..\..\..\CPP_Src (『윤성우의 열혈 C++ 프로그래밍』 소스코드)\Chapter 8 source\ObjectPointer.cpp">
      <Filter>소스 파일\윤성우 Chapter8 소스</Filter>
    </ClCompile>
    <ClCompile Include="..\..\..\..\CPP_Src (『윤성우의 열혈 C++ 프로그래밍』 소스코드)\Chapter 8 source\ReferenceAttribute.cpp">
      <Filter>소스 파일\윤성우 Chapter8 소스</Filter>
    </ClCompile>
    <ClCompile Include="..\..\..\..\CPP_Src (『윤성우의 열혈 C++ 프로그래밍』 소스코드)\Chapter 8 source\VirtualDestructor.cpp">
      <Filter>소스 파일\윤성우 Chapter8 소스</Filter>
    </ClCompile>
    <ClCompile Include="함수 인자로 레퍼런스 받기.cpp">
      <Filter>소스 파일\씹어먹는C++\참조자</Filter>
    </ClCompile>
    <ClCompile Include="여러가지 참조자 예시들.cpp">
      <Filter>소스 파일\씹어먹는C++\참조자</Filter>
    </ClCompile>
    <ClCompile Include="new로 배열 할당하기.cpp">
      <Filter>소스 파일\씹어먹는C++\new와 delete</Filter>
    </ClCompile>
    <ClCompile Include="돌아온 마이펫.cpp">
      <Filter>소스 파일\씹어먹는C++\new와 delete</Filter>
    </ClCompile>
    <ClCompile Include="날짜 문제.cpp">
      <Filter>소스 파일\씹어먹는C++\객체 지향 언어</Filter>
    </ClCompile>
    <ClCompile Include="Date 클래스.cpp">
      <Filter>소스 파일\씹어먹는C++\객체 지향 언어</Filter>
    </ClCompile>
    <ClCompile Include="생성자 클래스.cpp">
      <Filter>소스 파일\씹어먹는C++\객체 지향 언어</Filter>
    </ClCompile>
    <ClCompile Include="수학 관련 소프트웨어.cpp">
      <Filter>소스 파일\씹어먹는C++\객체 지향 언어</Filter>
    </ClCompile>
    <ClCompile Include="마린 생성하기.cpp">
      <Filter>소스 파일\씹어먹는C++\스타크래프트 만들기</Filter>
    </ClCompile>
    <ClCompile Include="포토캐논 복사하기.cpp">
      <Filter>소스 파일\씹어먹는C++\스타크래프트 만들기</Filter>
    </ClCompile>
    <ClCompile Include="문자열 클래스 완성하기.cpp">
      <Filter>소스 파일\씹어먹는C++\객체 지향 언어</Filter>
    </ClCompile>
    <ClCompile Include="마린 const 추가하기.cpp">
      <Filter>소스 파일\씹어먹는C++\스타크래프트 만들기</Filter>
    </ClCompile>
    <ClCompile Include="마린 수 세기.cpp">
      <Filter>소스 파일\씹어먹는C++\스타크래프트 만들기</Filter>
    </ClCompile>
    <ClCompile Include="마린 static 함수.cpp">
      <Filter>소스 파일\씹어먹는C++\스타크래프트 만들기</Filter>
    </ClCompile>
    <ClCompile Include="마린 This 추가하기.cpp">
      <Filter>소스 파일\씹어먹는C++\스타크래프트 만들기</Filter>
    </ClCompile>
    <ClCompile Include="레퍼런스를 리턴하는 함수.cpp">
      <Filter>소스 파일\씹어먹는C++\객체 지향 언어</Filter>
    </ClCompile>
    <ClCompile Include="마린 const 함수 추가하기.cpp">
      <Filter>소스 파일\씹어먹는C++\스타크래프트 만들기</Filter>
    </ClCompile>
    <ClCompile Include="문자열 클래스를 만들자.cpp">
      <Filter>소스 파일\씹어먹는C++\내가 만드는 String 클래스</Filter>
    </ClCompile>
  </ItemGroup>
</Project>